
Microsoft Visual Studio Solution File, Format Version 12.00
# Visual Studio 15
VisualStudioVersion = 15.0.26124.0
MinimumVisualStudioVersion = 15.0.26124.0
Project("{2150E333-8FDC-42A3-9474-1A3956D46DE8}") = "src", "src", "{7839646D-E8C5-4080-949C-0165BD36104D}"
EndProject
Project("{FAE04EC0-301F-11D3-BF4B-00C04F79EFBC}") = "Ecom.Infrastructure", "src\Ecom.Infrastructure\Ecom.Infrastructure.csproj", "{3F10CAAD-AC66-4939-A0C1-18D72EAAE4DE}"
EndProject
Project("{FAE04EC0-301F-11D3-BF4B-00C04F79EFBC}") = "Ecom.ProductManagement", "src\Ecom.ProductManagement\Ecom.ProductManagement.csproj", "{05E07E8E-A0B7-497C-A16B-BDBF0BFC70F0}"
EndProject
Project("{FAE04EC0-301F-11D3-BF4B-00C04F79EFBC}") = "Ecom.ProductManagement.Api", "src\Ecom.ProductManagement.Api\Ecom.ProductManagement.Api.csproj", "{1535D138-50E2-4AFB-9B5A-DBD2F98D18D6}"
EndProject
Project("{FAE04EC0-301F-11D3-BF4B-00C04F79EFBC}") = "Ecom.ProductManagement.Worker", "src\Ecom.ProductManagement.Worker\Ecom.ProductManagement.Worker.csproj", "{3B1DDDC6-4E39-4303-B6AD-EF3C7F36E6D4}"
EndProject
Global
	GlobalSection(SolutionConfigurationPlatforms) = preSolution
		Debug|Any CPU = Debug|Any CPU
		Debug|x64 = Debug|x64
		Debug|x86 = Debug|x86
		Release|Any CPU = Release|Any CPU
		Release|x64 = Release|x64
		Release|x86 = Release|x86
	EndGlobalSection
	GlobalSection(SolutionProperties) = preSolution
		HideSolutionNode = FALSE
	EndGlobalSection
	GlobalSection(ProjectConfigurationPlatforms) = postSolution
		{3F10CAAD-AC66-4939-A0C1-18D72EAAE4DE}.Debug|Any CPU.ActiveCfg = Debug|Any CPU
		{3F10CAAD-AC66-4939-A0C1-18D72EAAE4DE}.Debug|Any CPU.Build.0 = Debug|Any CPU
		{3F10CAAD-AC66-4939-A0C1-18D72EAAE4DE}.Debug|x64.ActiveCfg = Debug|Any CPU
		{3F10CAAD-AC66-4939-A0C1-18D72EAAE4DE}.Debug|x64.Build.0 = Debug|Any CPU
		{3F10CAAD-AC66-4939-A0C1-18D72EAAE4DE}.Debug|x86.ActiveCfg = Debug|Any CPU
		{3F10CAAD-AC66-4939-A0C1-18D72EAAE4DE}.Debug|x86.Build.0 = Debug|Any CPU
		{3F10CAAD-AC66-4939-A0C1-18D72EAAE4DE}.Release|Any CPU.ActiveCfg = Release|Any CPU
		{3F10CAAD-AC66-4939-A0C1-18D72EAAE4DE}.Release|Any CPU.Build.0 = Release|Any CPU
		{3F10CAAD-AC66-4939-A0C1-18D72EAAE4DE}.Release|x64.ActiveCfg = Release|Any CPU
		{3F10CAAD-AC66-4939-A0C1-18D72EAAE4DE}.Release|x64.Build.0 = Release|Any CPU
		{3F10CAAD-AC66-4939-A0C1-18D72EAAE4DE}.Release|x86.ActiveCfg = Release|Any CPU
		{3F10CAAD-AC66-4939-A0C1-18D72EAAE4DE}.Release|x86.Build.0 = Release|Any CPU
		{05E07E8E-A0B7-497C-A16B-BDBF0BFC70F0}.Debug|Any CPU.ActiveCfg = Debug|Any CPU
		{05E07E8E-A0B7-497C-A16B-BDBF0BFC70F0}.Debug|Any CPU.Build.0 = Debug|Any CPU
		{05E07E8E-A0B7-497C-A16B-BDBF0BFC70F0}.Debug|x64.ActiveCfg = Debug|Any CPU
		{05E07E8E-A0B7-497C-A16B-BDBF0BFC70F0}.Debug|x64.Build.0 = Debug|Any CPU
		{05E07E8E-A0B7-497C-A16B-BDBF0BFC70F0}.Debug|x86.ActiveCfg = Debug|Any CPU
		{05E07E8E-A0B7-497C-A16B-BDBF0BFC70F0}.Debug|x86.Build.0 = Debug|Any CPU
		{05E07E8E-A0B7-497C-A16B-BDBF0BFC70F0}.Release|Any CPU.ActiveCfg = Release|Any CPU
		{05E07E8E-A0B7-497C-A16B-BDBF0BFC70F0}.Release|Any CPU.Build.0 = Release|Any CPU
		{05E07E8E-A0B7-497C-A16B-BDBF0BFC70F0}.Release|x64.ActiveCfg = Release|Any CPU
		{05E07E8E-A0B7-497C-A16B-BDBF0BFC70F0}.Release|x64.Build.0 = Release|Any CPU
		{05E07E8E-A0B7-497C-A16B-BDBF0BFC70F0}.Release|x86.ActiveCfg = Release|Any CPU
		{05E07E8E-A0B7-497C-A16B-BDBF0BFC70F0}.Release|x86.Build.0 = Release|Any CPU
		{1535D138-50E2-4AFB-9B5A-DBD2F98D18D6}.Debug|Any CPU.ActiveCfg = Debug|Any CPU
		{1535D138-50E2-4AFB-9B5A-DBD2F98D18D6}.Debug|Any CPU.Build.0 = Debug|Any CPU
		{1535D138-50E2-4AFB-9B5A-DBD2F98D18D6}.Debug|x64.ActiveCfg = Debug|Any CPU
		{1535D138-50E2-4AFB-9B5A-DBD2F98D18D6}.Debug|x64.Build.0 = Debug|Any CPU
		{1535D138-50E2-4AFB-9B5A-DBD2F98D18D6}.Debug|x86.ActiveCfg = Debug|Any CPU
		{1535D138-50E2-4AFB-9B5A-DBD2F98D18D6}.Debug|x86.Build.0 = Debug|Any CPU
		{1535D138-50E2-4AFB-9B5A-DBD2F98D18D6}.Release|Any CPU.ActiveCfg = Release|Any CPU
		{1535D138-50E2-4AFB-9B5A-DBD2F98D18D6}.Release|Any CPU.Build.0 = Release|Any CPU
		{1535D138-50E2-4AFB-9B5A-DBD2F98D18D6}.Release|x64.ActiveCfg = Release|Any CPU
		{1535D138-50E2-4AFB-9B5A-DBD2F98D18D6}.Release|x64.Build.0 = Release|Any CPU
		{1535D138-50E2-4AFB-9B5A-DBD2F98D18D6}.Release|x86.ActiveCfg = Release|Any CPU
		{1535D138-50E2-4AFB-9B5A-DBD2F98D18D6}.Release|x86.Build.0 = Release|Any CPU
		{3B1DDDC6-4E39-4303-B6AD-EF3C7F36E6D4}.Debug|Any CPU.ActiveCfg = Debug|Any CPU
		{3B1DDDC6-4E39-4303-B6AD-EF3C7F36E6D4}.Debug|Any CPU.Build.0 = Debug|Any CPU
		{3B1DDDC6-4E39-4303-B6AD-EF3C7F36E6D4}.Debug|x64.ActiveCfg = Debug|Any CPU
		{3B1DDDC6-4E39-4303-B6AD-EF3C7F36E6D4}.Debug|x64.Build.0 = Debug|Any CPU
		{3B1DDDC6-4E39-4303-B6AD-EF3C7F36E6D4}.Debug|x86.ActiveCfg = Debug|Any CPU
		{3B1DDDC6-4E39-4303-B6AD-EF3C7F36E6D4}.Debug|x86.Build.0 = Debug|Any CPU
		{3B1DDDC6-4E39-4303-B6AD-EF3C7F36E6D4}.Release|Any CPU.ActiveCfg = Release|Any CPU
		{3B1DDDC6-4E39-4303-B6AD-EF3C7F36E6D4}.Release|Any CPU.Build.0 = Release|Any CPU
		{3B1DDDC6-4E39-4303-B6AD-EF3C7F36E6D4}.Release|x64.ActiveCfg = Release|Any CPU
		{3B1DDDC6-4E39-4303-B6AD-EF3C7F36E6D4}.Release|x64.Build.0 = Release|Any CPU
		{3B1DDDC6-4E39-4303-B6AD-EF3C7F36E6D4}.Release|x86.ActiveCfg = Release|Any CPU
		{3B1DDDC6-4E39-4303-B6AD-EF3C7F36E6D4}.Release|x86.Build.0 = Release|Any CPU
	EndGlobalSection
	GlobalSection(NestedProjects) = preSolution
		{3F10CAAD-AC66-4939-A0C1-18D72EAAE4DE} = {7839646D-E8C5-4080-949C-0165BD36104D}
		{05E07E8E-A0B7-497C-A16B-BDBF0BFC70F0} = {7839646D-E8C5-4080-949C-0165BD36104D}
		{1535D138-50E2-4AFB-9B5A-DBD2F98D18D6} = {7839646D-E8C5-4080-949C-0165BD36104D}
		{3B1DDDC6-4E39-4303-B6AD-EF3C7F36E6D4} = {7839646D-E8C5-4080-949C-0165BD36104D}
	EndGlobalSection
EndGlobal
